
Microsoft Visual Studio Solution File, Format Version 12.00
# Visual Studio Version 17
VisualStudioVersion = 17.11.35312.102
MinimumVisualStudioVersion = 10.0.40219.1
Project("{FAE04EC0-301F-11D3-BF4B-00C04F79EFBC}") = "homework 5", "homework 5.csproj", "{A8C42F5D-67D5-478A-B0A1-98E9A2E5F2B9}"
EndProject
Global
	GlobalSection(SolutionConfigurationPlatforms) = preSolution
		Debug|Any CPU = Debug|Any CPU
		Release|Any CPU = Release|Any CPU
	EndGlobalSection
	GlobalSection(ProjectConfigurationPlatforms) = postSolution
		{A8C42F5D-67D5-478A-B0A1-98E9A2E5F2B9}.Debug|Any CPU.ActiveCfg = Debug|Any CPU
		{A8C42F5D-67D5-478A-B0A1-98E9A2E5F2B9}.Debug|Any CPU.Build.0 = Debug|Any CPU
		{A8C42F5D-67D5-478A-B0A1-98E9A2E5F2B9}.Release|Any CPU.ActiveCfg = Release|Any CPU
		{A8C42F5D-67D5-478A-B0A1-98E9A2E5F2B9}.Release|Any CPU.Build.0 = Release|Any CPU
	EndGlobalSection
	GlobalSection(SolutionProperties) = preSolution
		HideSolutionNode = FALSE
	EndGlobalSection
	GlobalSection(ExtensibilityGlobals) = postSolution
		SolutionGuid = {AE5886F2-89FD-4683-8870-BA639BBD6B83}
	EndGlobalSection
EndGlobal
